
Microsoft Visual Studio Solution File, Format Version 12.00
# Visual Studio Version 17
VisualStudioVersion = 17.11.35327.3
MinimumVisualStudioVersion = 10.0.40219.1
Project("{FAE04EC0-301F-11D3-BF4B-00C04F79EFBC}") = "OneToMany", "OneToMany.csproj", "{FBC111B7-975A-44C9-92D3-2CA2D14193BC}"
EndProject
Global
	GlobalSection(SolutionConfigurationPlatforms) = preSolution
		Debug|Any CPU = Debug|Any CPU
		Release|Any CPU = Release|Any CPU
	EndGlobalSection
	GlobalSection(ProjectConfigurationPlatforms) = postSolution
		{FBC111B7-975A-44C9-92D3-2CA2D14193BC}.Debug|Any CPU.ActiveCfg = Debug|Any CPU
		{FBC111B7-975A-44C9-92D3-2CA2D14193BC}.Debug|Any CPU.Build.0 = Debug|Any CPU
		{FBC111B7-975A-44C9-92D3-2CA2D14193BC}.Release|Any CPU.ActiveCfg = Release|Any CPU
		{FBC111B7-975A-44C9-92D3-2CA2D14193BC}.Release|Any CPU.Build.0 = Release|Any CPU
	EndGlobalSection
	GlobalSection(SolutionProperties) = preSolution
		HideSolutionNode = FALSE
	EndGlobalSection
	GlobalSection(ExtensibilityGlobals) = postSolution
		SolutionGuid = {DE653599-781A-46DE-A9FA-5CE7694D4ED1}
	EndGlobalSection
EndGlobal
